
Microsoft Visual Studio Solution File, Format Version 12.00
Project("{FAE04EC0-301F-11D3-BF4B-00C04F79EFBC}") = "GermanStudyApp.Core", "GermanStudyApp.Core\GermanStudyApp.Core.csproj", "{C762AF7F-2B7C-4312-A7B8-ADA8EC613795}"
EndProject
Project("{FAE04EC0-301F-11D3-BF4B-00C04F79EFBC}") = "GermanStudyApp.Infrastructure", "GermanStudyApp.Infrastructure\GermanStudyApp.Infrastructure.csproj", "{3884F880-13B6-4A5B-A2F2-14DE83257582}"
EndProject
Global
	GlobalSection(SolutionConfigurationPlatforms) = preSolution
		Debug|Any CPU = Debug|Any CPU
		Release|Any CPU = Release|Any CPU
	EndGlobalSection
	GlobalSection(ProjectConfigurationPlatforms) = postSolution
		{C762AF7F-2B7C-4312-A7B8-ADA8EC613795}.Debug|Any CPU.ActiveCfg = Debug|Any CPU
		{C762AF7F-2B7C-4312-A7B8-ADA8EC613795}.Debug|Any CPU.Build.0 = Debug|Any CPU
		{C762AF7F-2B7C-4312-A7B8-ADA8EC613795}.Release|Any CPU.ActiveCfg = Release|Any CPU
		{C762AF7F-2B7C-4312-A7B8-ADA8EC613795}.Release|Any CPU.Build.0 = Release|Any CPU
		{3884F880-13B6-4A5B-A2F2-14DE83257582}.Debug|Any CPU.ActiveCfg = Debug|Any CPU
		{3884F880-13B6-4A5B-A2F2-14DE83257582}.Debug|Any CPU.Build.0 = Debug|Any CPU
		{3884F880-13B6-4A5B-A2F2-14DE83257582}.Release|Any CPU.ActiveCfg = Release|Any CPU
		{3884F880-13B6-4A5B-A2F2-14DE83257582}.Release|Any CPU.Build.0 = Release|Any CPU
	EndGlobalSection
EndGlobal
